
Microsoft Visual Studio Solution File, Format Version 12.00
Project("{FAE04EC0-301F-11D3-BF4B-00C04F79EFBC}") = "ExampleTest_Tutorial_13", "ExampleTest_Tutorial_13\ExampleTest_Tutorial_13.csproj", "{2807AC90-9DA4-4CC6-9627-039E44C031EF}"
EndProject
Global
	GlobalSection(SolutionConfigurationPlatforms) = preSolution
		Debug|Any CPU = Debug|Any CPU
		Release|Any CPU = Release|Any CPU
	EndGlobalSection
	GlobalSection(ProjectConfigurationPlatforms) = postSolution
		{2807AC90-9DA4-4CC6-9627-039E44C031EF}.Debug|Any CPU.ActiveCfg = Debug|Any CPU
		{2807AC90-9DA4-4CC6-9627-039E44C031EF}.Debug|Any CPU.Build.0 = Debug|Any CPU
		{2807AC90-9DA4-4CC6-9627-039E44C031EF}.Release|Any CPU.ActiveCfg = Release|Any CPU
		{2807AC90-9DA4-4CC6-9627-039E44C031EF}.Release|Any CPU.Build.0 = Release|Any CPU
	EndGlobalSection
EndGlobal
